{
	"name": "create-averlo",
	"version": "0.1.0",
	"lockfileVersion": 3,
	"requires": true,
	"packages": {
		"": {
			"name": "create-averlo",
			"version": "0.1.0",
			"license": "MIT",
			"bin": {
				"create-averlo": "bin/create-averlo.mjs"
			},
			"engines": {
				"node": ">=20.9.0"
			}
		}
	}
}
